github.com/vitali-fedulov/hyper v1.0.5 h1:FfPr1kXt6MrXh/G5fBYravG99ScaE0kQ6g/G3/fXiVc=
github.com/vitali-fedulov/hyper v1.0.5/go.mod h1:nQqkBaCL7ETNg7c90cbfFeJWoKchMrPejZYr+kiuSQI=
github.com/vitali-fedulov/images4 v1.3.0 h1:0bo9jI94uS86UIadx7Y5rB5ePsQ5DdMNZM6kkD/ntYQ=
github.com/vitali-fedulov/images4 v1.3.0/go.mod h1:/VAKZBeMLWZfC2rjWgOb0Q6e6gUzArPAR4l0pKubYAk=
